// !$*UTF8*$!
{
	archiveVersion = 1;
	classes = {
	};
	objectVersion = 56;
	objects = {

/* Begin PBXBuildFile section */
		8FE865FA29D168E4000FCAD0 /* AppDelegate.swift in Sources */ = {isa = PBXBuildFile; fileRef = 8FE865F929D168E4000FCAD0 /* AppDelegate.swift */; };
		8FE865FC29D168E4000FCAD0 /* SceneDelegate.swift in Sources */ = {isa = PBXBuildFile; fileRef = 8FE865FB29D168E4000FCAD0 /* SceneDelegate.swift */; };
		8FE865FE29D168E4000FCAD0 /* ViewController.swift in Sources */ = {isa = PBXBuildFile; fileRef = 8FE865FD29D168E4000FCAD0 /* ViewController.swift */; };
		8FE8660129D168E4000FCAD0 /* Main.storyboard in Resources */ = {isa = PBXBuildFile; fileRef = 8FE865FF29D168E4000FCAD0 /* Main.storyboard */; };
		8FE8660329D168E6000FCAD0 /* Assets.xcassets in Resources */ = {isa = PBXBuildFile; fileRef = 8FE8660229D168E6000FCAD0 /* Assets.xcassets */; };
		8FE8660629D168E6000FCAD0 /* LaunchScreen.storyboard in Resources */ = {isa = PBXBuildFile; fileRef = 8FE8660429D168E6000FCAD0 /* LaunchScreen.storyboard */; };
		8FE8660E29D16A6F000FCAD0 /* Rectangle.swift in Sources */ = {isa = PBXBuildFile; fileRef = 8FE8660D29D16A6F000FCAD0 /* Rectangle.swift */; };
		8FE8661129D1714C000FCAD0 /* ShapeFactory.swift in Sources */ = {isa = PBXBuildFile; fileRef = 8FE8661029D1714C000FCAD0 /* ShapeFactory.swift */; };
		8FE8661929D17782000FCAD0 /* DrawingAppTests.swift in Sources */ = {isa = PBXBuildFile; fileRef = 8FE8661829D17782000FCAD0 /* DrawingAppTests.swift */; };
		8FE8662129D17A28000FCAD0 /* IdGenerator.swift in Sources */ = {isa = PBXBuildFile; fileRef = 8FE8662029D17A28000FCAD0 /* IdGenerator.swift */; };
		8FE8662229D17A28000FCAD0 /* IdGenerator.swift in Sources */ = {isa = PBXBuildFile; fileRef = 8FE8662029D17A28000FCAD0 /* IdGenerator.swift */; };
		8FE8666429D4011B000FCAD0 /* Point.swift in Sources */ = {isa = PBXBuildFile; fileRef = 8FE8666329D4011B000FCAD0 /* Point.swift */; };
		8FE8666629D4015B000FCAD0 /* Size.swift in Sources */ = {isa = PBXBuildFile; fileRef = 8FE8666529D4015B000FCAD0 /* Size.swift */; };
		8FE8666829D41D86000FCAD0 /* Plane.swift in Sources */ = {isa = PBXBuildFile; fileRef = 8FE8666729D41D86000FCAD0 /* Plane.swift */; };
/* End PBXBuildFile section */

/* Begin PBXContainerItemProxy section */
		8FE8661A29D17782000FCAD0 /* PBXContainerItemProxy */ = {
			isa = PBXContainerItemProxy;
			containerPortal = 8FE865EE29D168E4000FCAD0 /* Project object */;
			proxyType = 1;
			remoteGlobalIDString = 8FE865F529D168E4000FCAD0;
			remoteInfo = DrawingApp;
		};
/* End PBXContainerItemProxy section */

/* Begin PBXFileReference section */
		8FE865F629D168E4000FCAD0 /* DrawingApp.app */ = {isa = PBXFileReference; explicitFileType = wrapper.application; includeInIndex = 0; path = DrawingApp.app; sourceTree = BUILT_PRODUCTS_DIR; };
		8FE865F929D168E4000FCAD0 /* AppDelegate.swift */ = {isa = PBXFileReference; lastKnownFileType = sourcecode.swift; path = AppDelegate.swift; sourceTree = "<group>"; };
		8FE865FB29D168E4000FCAD0 /* SceneDelegate.swift */ = {isa = PBXFileReference; lastKnownFileType = sourcecode.swift; path = SceneDelegate.swift; sourceTree = "<group>"; };
		8FE865FD29D168E4000FCAD0 /* ViewController.swift */ = {isa = PBXFileReference; lastKnownFileType = sourcecode.swift; path = ViewController.swift; sourceTree = "<group>"; };
		8FE8660029D168E4000FCAD0 /* Base */ = {isa = PBXFileReference; lastKnownFileType = file.storyboard; name = Base; path = Base.lproj/Main.storyboard; sourceTree = "<group>"; };
		8FE8660229D168E6000FCAD0 /* Assets.xcassets */ = {isa = PBXFileReference; lastKnownFileType = folder.assetcatalog; path = Assets.xcassets; sourceTree = "<group>"; };
		8FE8660529D168E6000FCAD0 /* Base */ = {isa = PBXFileReference; lastKnownFileType = file.storyboard; name = Base; path = Base.lproj/LaunchScreen.storyboard; sourceTree = "<group>"; };
		8FE8660729D168E6000FCAD0 /* Info.plist */ = {isa = PBXFileReference; lastKnownFileType = text.plist.xml; path = Info.plist; sourceTree = "<group>"; };
		8FE8660D29D16A6F000FCAD0 /* Rectangle.swift */ = {isa = PBXFileReference; lastKnownFileType = sourcecode.swift; path = Rectangle.swift; sourceTree = "<group>"; };
		8FE8661029D1714C000FCAD0 /* ShapeFactory.swift */ = {isa = PBXFileReference; lastKnownFileType = sourcecode.swift; path = ShapeFactory.swift; sourceTree = "<group>"; };
		8FE8661629D17782000FCAD0 /* DrawingAppTests.xctest */ = {isa = PBXFileReference; explicitFileType = wrapper.cfbundle; includeInIndex = 0; path = DrawingAppTests.xctest; sourceTree = BUILT_PRODUCTS_DIR; };
		8FE8661829D17782000FCAD0 /* DrawingAppTests.swift */ = {isa = PBXFileReference; lastKnownFileType = sourcecode.swift; path = DrawingAppTests.swift; sourceTree = "<group>"; };
		8FE8662029D17A28000FCAD0 /* IdGenerator.swift */ = {isa = PBXFileReference; lastKnownFileType = sourcecode.swift; path = IdGenerator.swift; sourceTree = "<group>"; };
		8FE8666329D4011B000FCAD0 /* Point.swift */ = {isa = PBXFileReference; lastKnownFileType = sourcecode.swift; path = Point.swift; sourceTree = "<group>"; };
		8FE8666529D4015B000FCAD0 /* Size.swift */ = {isa = PBXFileReference; lastKnownFileType = sourcecode.swift; path = Size.swift; sourceTree = "<group>"; };
		8FE8666729D41D86000FCAD0 /* Plane.swift */ = {isa = PBXFileReference; lastKnownFileType = sourcecode.swift; path = Plane.swift; sourceTree = "<group>"; };
/* End PBXFileReference section */

/* Begin PBXFrameworksBuildPhase section */
		8FE865F329D168E4000FCAD0 /* Frameworks */ = {
			isa = PBXFrameworksBuildPhase;
			buildActionMask = 2147483647;
			files = (
			);
			runOnlyForDeploymentPostprocessing = 0;
		};
		8FE8661329D17782000FCAD0 /* Frameworks */ = {
			isa = PBXFrameworksBuildPhase;
			buildActionMask = 2147483647;
			files = (
			);
			runOnlyForDeploymentPostprocessing = 0;
		};
/* End PBXFrameworksBuildPhase section */

/* Begin PBXGroup section */
		8FE865ED29D168E4000FCAD0 = {
			isa = PBXGroup;
			children = (
				8FE865F829D168E4000FCAD0 /* DrawingApp */,
				8FE8661729D17782000FCAD0 /* DrawingAppTests */,
				8FE865F729D168E4000FCAD0 /* Products */,
			);
			sourceTree = "<group>";
		};
		8FE865F729D168E4000FCAD0 /* Products */ = {
			isa = PBXGroup;
			children = (
				8FE865F629D168E4000FCAD0 /* DrawingApp.app */,
				8FE8661629D17782000FCAD0 /* DrawingAppTests.xctest */,
			);
			name = Products;
			sourceTree = "<group>";
		};
		8FE865F829D168E4000FCAD0 /* DrawingApp */ = {
			isa = PBXGroup;
			children = (
				8FE8660F29D16BA7000FCAD0 /* Supporting Files */,
				8FE8660229D168E6000FCAD0 /* Assets.xcassets */,
				8FE8660429D168E6000FCAD0 /* LaunchScreen.storyboard */,
				8FE865FF29D168E4000FCAD0 /* Main.storyboard */,
				8FE8660D29D16A6F000FCAD0 /* Rectangle.swift */,
				8FE865FD29D168E4000FCAD0 /* ViewController.swift */,
				8FE8661029D1714C000FCAD0 /* ShapeFactory.swift */,
				8FE8666329D4011B000FCAD0 /* Point.swift */,
				8FE8666529D4015B000FCAD0 /* Size.swift */,
				8FE8662029D17A28000FCAD0 /* IdGenerator.swift */,
				8FE8666729D41D86000FCAD0 /* Plane.swift */,
			);
			path = DrawingApp;
			sourceTree = "<group>";
		};
		8FE8660F29D16BA7000FCAD0 /* Supporting Files */ = {
			isa = PBXGroup;
			children = (
				8FE865F929D168E4000FCAD0 /* AppDelegate.swift */,
				8FE8660729D168E6000FCAD0 /* Info.plist */,
				8FE865FB29D168E4000FCAD0 /* SceneDelegate.swift */,
			);
			path = "Supporting Files";
			sourceTree = "<group>";
		};
		8FE8661729D17782000FCAD0 /* DrawingAppTests */ = {
			isa = PBXGroup;
			children = (
				8FE8661829D17782000FCAD0 /* DrawingAppTests.swift */,
			);
			path = DrawingAppTests;
			sourceTree = "<group>";
		};
/* End PBXGroup section */

/* Begin PBXNativeTarget section */
		8FE865F529D168E4000FCAD0 /* DrawingApp */ = {
			isa = PBXNativeTarget;
			buildConfigurationList = 8FE8660A29D168E6000FCAD0 /* Build configuration list for PBXNativeTarget "DrawingApp" */;
			buildPhases = (
				8FE865F229D168E4000FCAD0 /* Sources */,
				8FE865F329D168E4000FCAD0 /* Frameworks */,
				8FE865F429D168E4000FCAD0 /* Resources */,
			);
			buildRules = (
			);
			dependencies = (
			);
			name = DrawingApp;
			productName = DrawingApp;
			productReference = 8FE865F629D168E4000FCAD0 /* DrawingApp.app */;
			productType = "com.apple.product-type.application";
		};
		8FE8661529D17782000FCAD0 /* DrawingAppTests */ = {
			isa = PBXNativeTarget;
			buildConfigurationList = 8FE8661C29D17782000FCAD0 /* Build configuration list for PBXNativeTarget "DrawingAppTests" */;
			buildPhases = (
				8FE8661229D17782000FCAD0 /* Sources */,
				8FE8661329D17782000FCAD0 /* Frameworks */,
				8FE8661429D17782000FCAD0 /* Resources */,
			);
			buildRules = (
			);
			dependencies = (
				8FE8661B29D17782000FCAD0 /* PBXTargetDependency */,
			);
			name = DrawingAppTests;
			productName = DrawingAppTests;
			productReference = 8FE8661629D17782000FCAD0 /* DrawingAppTests.xctest */;
			productType = "com.apple.product-type.bundle.unit-test";
		};
/* End PBXNativeTarget section */

/* Begin PBXProject section */
		8FE865EE29D168E4000FCAD0 /* Project object */ = {
			isa = PBXProject;
			attributes = {
				BuildIndependentTargetsInParallel = 1;
				LastSwiftUpdateCheck = 1420;
				LastUpgradeCheck = 1420;
				TargetAttributes = {
					8FE865F529D168E4000FCAD0 = {
						CreatedOnToolsVersion = 14.2;
					};
					8FE8661529D17782000FCAD0 = {
						CreatedOnToolsVersion = 14.2;
					};
				};
			};
			buildConfigurationList = 8FE865F129D168E4000FCAD0 /* Build configuration list for PBXProject "DrawingApp" */;
			compatibilityVersion = "Xcode 14.0";
			developmentRegion = en;
			hasScannedForEncodings = 0;
			knownRegions = (
				en,
				Base,
			);
			mainGroup = 8FE865ED29D168E4000FCAD0;
			productRefGroup = 8FE865F729D168E4000FCAD0 /* Products */;
			projectDirPath = "";
			projectRoot = "";
			targets = (
				8FE865F529D168E4000FCAD0 /* DrawingApp */,
				8FE8661529D17782000FCAD0 /* DrawingAppTests */,
			);
		};
/* End PBXProject section */

/* Begin PBXResourcesBuildPhase section */
		8FE865F429D168E4000FCAD0 /* Resources */ = {
			isa = PBXResourcesBuildPhase;
			buildActionMask = 2147483647;
			files = (
				8FE8660629D168E6000FCAD0 /* LaunchScreen.storyboard in Resources */,
				8FE8660329D168E6000FCAD0 /* Assets.xcassets in Resources */,
				8FE8660129D168E4000FCAD0 /* Main.storyboard in Resources */,
			);
			runOnlyForDeploymentPostprocessing = 0;
		};
		8FE8661429D17782000FCAD0 /* Resources */ = {
			isa = PBXResourcesBuildPhase;
			buildActionMask = 2147483647;
			files = (
			);
			runOnlyForDeploymentPostprocessing = 0;
		};
/* End PBXResourcesBuildPhase section */

/* Begin PBXSourcesBuildPhase section */
		8FE865F229D168E4000FCAD0 /* Sources */ = {
			isa = PBXSourcesBuildPhase;
			buildActionMask = 2147483647;
			files = (
				8FE8666629D4015B000FCAD0 /* Size.swift in Sources */,
				8FE8666829D41D86000FCAD0 /* Plane.swift in Sources */,
				8FE865FE29D168E4000FCAD0 /* ViewController.swift in Sources */,
				8FE8661129D1714C000FCAD0 /* ShapeFactory.swift in Sources */,
				8FE865FA29D168E4000FCAD0 /* AppDelegate.swift in Sources */,
				8FE865FC29D168E4000FCAD0 /* SceneDelegate.swift in Sources */,
				8FE8666429D4011B000FCAD0 /* Point.swift in Sources */,
				8FE8662129D17A28000FCAD0 /* IdGenerator.swift in Sources */,
				8FE8660E29D16A6F000FCAD0 /* Rectangle.swift in Sources */,
			);
			runOnlyForDeploymentPostprocessing = 0;
		};
		8FE8661229D17782000FCAD0 /* Sources */ = {
			isa = PBXSourcesBuildPhase;
			buildActionMask = 2147483647;
			files = (
				8FE8661929D17782000FCAD0 /* DrawingAppTests.swift in Sources */,
				8FE8662229D17A28000FCAD0 /* IdGenerator.swift in Sources */,
			);
			runOnlyForDeploymentPostprocessing = 0;
		};
/* End PBXSourcesBuildPhase section */

/* Begin PBXTargetDependency section */
		8FE8661B29D17782000FCAD0 /* PBXTargetDependency */ = {
			isa = PBXTargetDependency;
			target = 8FE865F529D168E4000FCAD0 /* DrawingApp */;
			targetProxy = 8FE8661A29D17782000FCAD0 /* PBXContainerItemProxy */;
		};
/* End PBXTargetDependency section */

/* Begin PBXVariantGroup section */
		8FE865FF29D168E4000FCAD0 /* Main.storyboard */ = {
			isa = PBXVariantGroup;
			children = (
				8FE8660029D168E4000FCAD0 /* Base */,
			);
			name = Main.storyboard;
			sourceTree = "<group>";
		};
		8FE8660429D168E6000FCAD0 /* LaunchScreen.storyboard */ = {
			isa = PBXVariantGroup;
			children = (
				8FE8660529D168E6000FCAD0 /* Base */,
			);
			name = LaunchScreen.storyboard;
			sourceTree = "<group>";
		};
/* End PBXVariantGroup section */

/* Begin XCBuildConfiguration section */
		8FE8660829D168E6000FCAD0 /* Debug */ = {
			isa = XCBuildConfiguration;
			buildSettings = {
				ALWAYS_SEARCH_USER_PATHS = NO;
				CLANG_ANALYZER_NONNULL = YES;
				CLANG_ANALYZER_NUMBER_OBJECT_CONVERSION = YES_AGGRESSIVE;
				CLANG_CXX_LANGUAGE_STANDARD = "gnu++20";
				CLANG_ENABLE_MODULES = YES;
				CLANG_ENABLE_OBJC_ARC = YES;
				CLANG_ENABLE_OBJC_WEAK = YES;
				CLANG_WARN_BLOCK_CAPTURE_AUTORELEASING = YES;
				CLANG_WARN_BOOL_CONVERSION = YES;
				CLANG_WARN_COMMA = YES;
				CLANG_WARN_CONSTANT_CONVERSION = YES;
				CLANG_WARN_DEPRECATED_OBJC_IMPLEMENTATIONS = YES;
				CLANG_WARN_DIRECT_OBJC_ISA_USAGE = YES_ERROR;
				CLANG_WARN_DOCUMENTATION_COMMENTS = YES;
				CLANG_WARN_EMPTY_BODY = YES;
				CLANG_WARN_ENUM_CONVERSION = YES;
				CLANG_WARN_INFINITE_RECURSION = YES;
				CLANG_WARN_INT_CONVERSION = YES;
				CLANG_WARN_NON_LITERAL_NULL_CONVERSION = YES;
				CLANG_WARN_OBJC_IMPLICIT_RETAIN_SELF = YES;
				CLANG_WARN_OBJC_LITERAL_CONVERSION = YES;
				CLANG_WARN_OBJC_ROOT_CLASS = YES_ERROR;
				CLANG_WARN_QUOTED_INCLUDE_IN_FRAMEWORK_HEADER = YES;
				CLANG_WARN_RANGE_LOOP_ANALYSIS = YES;
				CLANG_WARN_STRICT_PROTOTYPES = YES;
				CLANG_WARN_SUSPICIOUS_MOVE = YES;
				CLANG_WARN_UNGUARDED_AVAILABILITY = YES_AGGRESSIVE;
				CLANG_WARN_UNREACHABLE_CODE = YES;
				CLANG_WARN__DUPLICATE_METHOD_MATCH = YES;
				COPY_PHASE_STRIP = NO;
				DEBUG_INFORMATION_FORMAT = dwarf;
				ENABLE_STRICT_OBJC_MSGSEND = YES;
				ENABLE_TESTABILITY = YES;
				GCC_C_LANGUAGE_STANDARD = gnu11;
				GCC_DYNAMIC_NO_PIC = NO;
				GCC_NO_COMMON_BLOCKS = YES;
				GCC_OPTIMIZATION_LEVEL = 0;
				GCC_PREPROCESSOR_DEFINITIONS = (
					"DEBUG=1",
					"$(inherited)",
				);
				GCC_WARN_64_TO_32_BIT_CONVERSION = YES;
				GCC_WARN_ABOUT_RETURN_TYPE = YES_ERROR;
				GCC_WARN_UNDECLARED_SELECTOR = YES;
				GCC_WARN_UNINITIALIZED_AUTOS = YES_AGGRESSIVE;
				GCC_WARN_UNUSED_FUNCTION = YES;
				GCC_WARN_UNUSED_VARIABLE = YES;
				IPHONEOS_DEPLOYMENT_TARGET = 16.2;
				MTL_ENABLE_DEBUG_INFO = INCLUDE_SOURCE;
				MTL_FAST_MATH = YES;
				ONLY_ACTIVE_ARCH = YES;
				SDKROOT = iphoneos;
				SWIFT_ACTIVE_COMPILATION_CONDITIONS = DEBUG;
				SWIFT_OPTIMIZATION_LEVEL = "-Onone";
			};
			name = Debug;
		};
		8FE8660929D168E6000FCAD0 /* Release */ = {
			isa = XCBuildConfiguration;
			buildSettings = {
				ALWAYS_SEARCH_USER_PATHS = NO;
				CLANG_ANALYZER_NONNULL = YES;
				CLANG_ANALYZER_NUMBER_OBJECT_CONVERSION = YES_AGGRESSIVE;
				CLANG_CXX_LANGUAGE_STANDARD = "gnu++20";
				CLANG_ENABLE_MODULES = YES;
				CLANG_ENABLE_OBJC_ARC = YES;
				CLANG_ENABLE_OBJC_WEAK = YES;
				CLANG_WARN_BLOCK_CAPTURE_AUTORELEASING = YES;
				CLANG_WARN_BOOL_CONVERSION = YES;
				CLANG_WARN_COMMA = YES;
				CLANG_WARN_CONSTANT_CONVERSION = YES;
				CLANG_WARN_DEPRECATED_OBJC_IMPLEMENTATIONS = YES;
				CLANG_WARN_DIRECT_OBJC_ISA_USAGE = YES_ERROR;
				CLANG_WARN_DOCUMENTATION_COMMENTS = YES;
				CLANG_WARN_EMPTY_BODY = YES;
				CLANG_WARN_ENUM_CONVERSION = YES;
				CLANG_WARN_INFINITE_RECURSION = YES;
				CLANG_WARN_INT_CONVERSION = YES;
				CLANG_WARN_NON_LITERAL_NULL_CONVERSION = YES;
				CLANG_WARN_OBJC_IMPLICIT_RETAIN_SELF = YES;
				CLANG_WARN_OBJC_LITERAL_CONVERSION = YES;
				CLANG_WARN_OBJC_ROOT_CLASS = YES_ERROR;
				CLANG_WARN_QUOTED_INCLUDE_IN_FRAMEWORK_HEADER = YES;
				CLANG_WARN_RANGE_LOOP_ANALYSIS = YES;
				CLANG_WARN_STRICT_PROTOTYPES = YES;
				CLANG_WARN_SUSPICIOUS_MOVE = YES;
				CLANG_WARN_UNGUARDED_AVAILABILITY = YES_AGGRESSIVE;
				CLANG_WARN_UNREACHABLE_CODE = YES;
				CLANG_WARN__DUPLICATE_METHOD_MATCH = YES;
				COPY_PHASE_STRIP = NO;
				DEBUG_INFORMATION_FORMAT = "dwarf-with-dsym";
				ENABLE_NS_ASSERTIONS = NO;
				ENABLE_STRICT_OBJC_MSGSEND = YES;
				GCC_C_LANGUAGE_STANDARD = gnu11;
				GCC_NO_COMMON_BLOCKS = YES;
				GCC_WARN_64_TO_32_BIT_CONVERSION = YES;
				GCC_WARN_ABOUT_RETURN_TYPE = YES_ERROR;
				GCC_WARN_UNDECLARED_SELECTOR = YES;
				GCC_WARN_UNINITIALIZED_AUTOS = YES_AGGRESSIVE;
				GCC_WARN_UNUSED_FUNCTION = YES;
				GCC_WARN_UNUSED_VARIABLE = YES;
				IPHONEOS_DEPLOYMENT_TARGET = 16.2;
				MTL_ENABLE_DEBUG_INFO = NO;
				MTL_FAST_MATH = YES;
				SDKROOT = iphoneos;
				SWIFT_COMPILATION_MODE = wholemodule;
				SWIFT_OPTIMIZATION_LEVEL = "-O";
				VALIDATE_PRODUCT = YES;
			};
			name = Release;
		};
		8FE8660B29D168E6000FCAD0 /* Debug */ = {
			isa = XCBuildConfiguration;
			buildSettings = {
				ASSETCATALOG_COMPILER_APPICON_NAME = AppIcon;
				ASSETCATALOG_COMPILER_GLOBAL_ACCENT_COLOR_NAME = AccentColor;
				CODE_SIGN_STYLE = Automatic;
				CURRENT_PROJECT_VERSION = 1;
				GENERATE_INFOPLIST_FILE = YES;
				INFOPLIST_FILE = "DrawingApp/Supporting Files/Info.plist";
				INFOPLIST_KEY_UIApplicationSupportsIndirectInputEvents = YES;
				INFOPLIST_KEY_UILaunchStoryboardName = LaunchScreen;
				INFOPLIST_KEY_UIMainStoryboardFile = Main;
				INFOPLIST_KEY_UISupportedInterfaceOrientations = "UIInterfaceOrientationLandscapeLeft UIInterfaceOrientationLandscapeRight UIInterfaceOrientationPortrait";
				INFOPLIST_KEY_UISupportedInterfaceOrientations_iPad = "UIInterfaceOrientationLandscapeLeft UIInterfaceOrientationLandscapeRight";
				LD_RUNPATH_SEARCH_PATHS = (
					"$(inherited)",
					"@executable_path/Frameworks",
				);
				MARKETING_VERSION = 1.0;
				PRODUCT_BUNDLE_IDENTIFIER = com.eddie.DrawingApp;
				PRODUCT_NAME = "$(TARGET_NAME)";
				SUPPORTED_PLATFORMS = "iphoneos iphonesimulator";
				SUPPORTS_MACCATALYST = NO;
				SUPPORTS_MAC_DESIGNED_FOR_IPHONE_IPAD = NO;
				SWIFT_EMIT_LOC_STRINGS = YES;
				SWIFT_VERSION = 5.0;
				TARGETED_DEVICE_FAMILY = 2;
			};
			name = Debug;
		};
		8FE8660C29D168E6000FCAD0 /* Release */ = {
			isa = XCBuildConfiguration;
			buildSettings = {
				ASSETCATALOG_COMPILER_APPICON_NAME = AppIcon;
				ASSETCATALOG_COMPILER_GLOBAL_ACCENT_COLOR_NAME = AccentColor;
				CODE_SIGN_STYLE = Automatic;
				CURRENT_PROJECT_VERSION = 1;
				GENERATE_INFOPLIST_FILE = YES;
				INFOPLIST_FILE = "DrawingApp/Supporting Files/Info.plist";
				INFOPLIST_KEY_UIApplicationSupportsIndirectInputEvents = YES;
				INFOPLIST_KEY_UILaunchStoryboardName = LaunchScreen;
				INFOPLIST_KEY_UIMainStoryboardFile = Main;
				INFOPLIST_KEY_UISupportedInterfaceOrientations = "UIInterfaceOrientationLandscapeLeft UIInterfaceOrientationLandscapeRight UIInterfaceOrientationPortrait";
				INFOPLIST_KEY_UISupportedInterfaceOrientations_iPad = "UIInterfaceOrientationLandscapeLeft UIInterfaceOrientationLandscapeRight";
				LD_RUNPATH_SEARCH_PATHS = (
					"$(inherited)",
					"@executable_path/Frameworks",
				);
				MARKETING_VERSION = 1.0;
				PRODUCT_BUNDLE_IDENTIFIER = com.eddie.DrawingApp;
				PRODUCT_NAME = "$(TARGET_NAME)";
				SUPPORTED_PLATFORMS = "iphoneos iphonesimulator";
				SUPPORTS_MACCATALYST = NO;
				SUPPORTS_MAC_DESIGNED_FOR_IPHONE_IPAD = NO;
				SWIFT_EMIT_LOC_STRINGS = YES;
				SWIFT_VERSION = 5.0;
				TARGETED_DEVICE_FAMILY = 2;
			};
			name = Release;
		};
		8FE8661D29D17782000FCAD0 /* Debug */ = {
			isa = XCBuildConfiguration;
			buildSettings = {
				CODE_SIGN_STYLE = Automatic;
				CURRENT_PROJECT_VERSION = 1;
				GENERATE_INFOPLIST_FILE = YES;
				IPHONEOS_DEPLOYMENT_TARGET = 16.2;
				MACOSX_DEPLOYMENT_TARGET = 13.0;
				MARKETING_VERSION = 1.0;
				PRODUCT_BUNDLE_IDENTIFIER = com.eddie.DrawingAppTests;
				PRODUCT_NAME = "$(TARGET_NAME)";
				SDKROOT = auto;
				SUPPORTED_PLATFORMS = "iphoneos iphonesimulator macosx";
				SWIFT_EMIT_LOC_STRINGS = NO;
				SWIFT_VERSION = 5.0;
				TARGETED_DEVICE_FAMILY = "1,2";
			};
			name = Debug;
		};
		8FE8661E29D17782000FCAD0 /* Release */ = {
			isa = XCBuildConfiguration;
			buildSettings = {
				CODE_SIGN_STYLE = Automatic;
				CURRENT_PROJECT_VERSION = 1;
				GENERATE_INFOPLIST_FILE = YES;
				IPHONEOS_DEPLOYMENT_TARGET = 16.2;
				MACOSX_DEPLOYMENT_TARGET = 13.0;
				MARKETING_VERSION = 1.0;
				PRODUCT_BUNDLE_IDENTIFIER = com.eddie.DrawingAppTests;
				PRODUCT_NAME = "$(TARGET_NAME)";
				SDKROOT = auto;
				SUPPORTED_PLATFORMS = "iphoneos iphonesimulator macosx";
				SWIFT_EMIT_LOC_STRINGS = NO;
				SWIFT_VERSION = 5.0;
				TARGETED_DEVICE_FAMILY = "1,2";
			};
			name = Release;
		};
/* End XCBuildConfiguration section */

/* Begin XCConfigurationList section */
		8FE865F129D168E4000FCAD0 /* Build configuration list for PBXProject "DrawingApp" */ = {
			isa = XCConfigurationList;
			buildConfigurations = (
				8FE8660829D168E6000FCAD0 /* Debug */,
				8FE8660929D168E6000FCAD0 /* Release */,
			);
			defaultConfigurationIsVisible = 0;
			defaultConfigurationName = Release;
		};
		8FE8660A29D168E6000FCAD0 /* Build configuration list for PBXNativeTarget "DrawingApp" */ = {
			isa = XCConfigurationList;
			buildConfigurations = (
				8FE8660B29D168E6000FCAD0 /* Debug */,
				8FE8660C29D168E6000FCAD0 /* Release */,
			);
			defaultConfigurationIsVisible = 0;
			defaultConfigurationName = Release;
		};
		8FE8661C29D17782000FCAD0 /* Build configuration list for PBXNativeTarget "DrawingAppTests" */ = {
			isa = XCConfigurationList;
			buildConfigurations = (
				8FE8661D29D17782000FCAD0 /* Debug */,
				8FE8661E29D17782000FCAD0 /* Release */,
			);
			defaultConfigurationIsVisible = 0;
			defaultConfigurationName = Release;
		};
/* End XCConfigurationList section */
	};
	rootObject = 8FE865EE29D168E4000FCAD0 /* Project object */;
}
